{
  "nodes": {
    "flake-compat": {
      "flake": false,
      "locked": {
        "lastModified": 1696426674,
        "narHash": "sha256-kvjfFW7WAETZlt09AgDn1MrtKzP7t90Vf7vypd3OL1U=",
        "owner": "edolstra",
        "repo": "flake-compat",
        "rev": "0f9255e01c2351cc7d116c072cb317785dd33b33",
        "type": "github"
      },
      "original": {
        "owner": "edolstra",
        "repo": "flake-compat",
        "type": "github"
      }
    },
    "gitignore": {
      "inputs": {
        "nixpkgs": [
          "pre-commit-hooks",
          "nixpkgs"
        ]
      },
      "locked": {
        "lastModified": 1709087332,
        "narHash": "sha256-HG2cCnktfHsKV0s4XW83gU3F57gaTljL9KNSuG6bnQs=",
        "owner": "hercules-ci",
        "repo": "gitignore.nix",
        "rev": "637db329424fd7e46cf4185293b9cc8c88c95394",
        "type": "github"
      },
      "original": {
        "owner": "hercules-ci",
        "repo": "gitignore.nix",
        "type": "github"
      }
    },
    "home-manager": {
      "inputs": {
        "nixpkgs": [
          "nixpkgs"
        ]
      },
      "locked": {
        "lastModified": 1746171682,
        "narHash": "sha256-EyXUNSa+H+YvGVuQJP1nZskXAowxKYp79RNUsNdQTj4=",
        "owner": "nix-community",
        "repo": "home-manager",
        "rev": "50eee705bbdbac942074a8c120e8194185633675",
        "type": "github"
      },
      "original": {
        "owner": "nix-community",
        "ref": "release-24.11",
        "repo": "home-manager",
        "type": "github"
      }
    },
    "nix-darwin": {
      "inputs": {
        "nixpkgs": [
          "nixpkgs-darwin"
        ]
      },
      "locked": {
        "lastModified": 1746708654,
        "narHash": "sha256-GeC99gu5H6+AjBXsn5dOhP4/ApuioGCBkufdmEIWPRs=",
        "owner": "lnl7",
        "repo": "nix-darwin",
        "rev": "6cb36e8327421c61e5a3bbd08ed63491b616364a",
        "type": "github"
      },
      "original": {
        "owner": "lnl7",
        "repo": "nix-darwin",
        "type": "github"
      }
    },
    "nix-secrets": {
      "flake": false,
      "locked": {
        "lastModified": 1746677085,
        "narHash": "sha256-Y6r3Ap1+eluRTBIQWYl6aBZW/OlBG+WCmYgvT4Qytlc=",
        "ref": "main",
        "rev": "137d796babf952fb77f729fdd3c8899d6ad35aad",
        "shallow": true,
        "type": "git",
        "url": "ssh://git@github.com/zachbedewi/nix-secrets.git"
      },
      "original": {
        "ref": "main",
        "shallow": true,
        "type": "git",
        "url": "ssh://git@github.com/zachbedewi/nix-secrets.git"
      }
    },
    "nixpkgs": {
      "locked": {
        "lastModified": 1746557022,
        "narHash": "sha256-QkNoyEf6TbaTW5UZYX0OkwIJ/ZMeKSSoOMnSDPQuol0=",
        "owner": "NixOS",
        "repo": "nixpkgs",
        "rev": "1d3aeb5a193b9ff13f63f4d9cc169fb88129f860",
        "type": "github"
      },
      "original": {
        "owner": "NixOS",
        "ref": "nixos-24.11",
        "repo": "nixpkgs",
        "type": "github"
      }
    },
    "nixpkgs-darwin": {
      "locked": {
        "lastModified": 1746566971,
        "narHash": "sha256-I40weT0FZWth1IEjgR5a0zC9LLyrPwTC0DAQcejtTJE=",
        "owner": "NixOS",
        "repo": "nixpkgs",
        "rev": "209c5b3b0f5cf5b5a7e12ddea59bf19699f97e75",
        "type": "github"
      },
      "original": {
        "owner": "NixOS",
        "ref": "nixpkgs-24.11-darwin",
        "repo": "nixpkgs",
        "type": "github"
      }
    },
    "nixpkgs-stable": {
      "locked": {
        "lastModified": 1746557022,
        "narHash": "sha256-QkNoyEf6TbaTW5UZYX0OkwIJ/ZMeKSSoOMnSDPQuol0=",
        "owner": "NixOS",
        "repo": "nixpkgs",
        "rev": "1d3aeb5a193b9ff13f63f4d9cc169fb88129f860",
        "type": "github"
      },
      "original": {
        "owner": "NixOS",
        "ref": "nixos-24.11",
        "repo": "nixpkgs",
        "type": "github"
      }
    },
    "nixpkgs-unstable": {
      "locked": {
        "lastModified": 1746663147,
        "narHash": "sha256-Ua0drDHawlzNqJnclTJGf87dBmaO/tn7iZ+TCkTRpRc=",
        "owner": "NixOS",
        "repo": "nixpkgs",
        "rev": "dda3dcd3fe03e991015e9a74b22d35950f264a54",
        "type": "github"
      },
      "original": {
        "owner": "NixOS",
        "ref": "nixos-unstable",
        "repo": "nixpkgs",
        "type": "github"
      }
    },
    "pre-commit-hooks": {
      "inputs": {
        "flake-compat": "flake-compat",
        "gitignore": "gitignore",
        "nixpkgs": [
          "nixpkgs"
        ]
      },
      "locked": {
        "lastModified": 1746537231,
        "narHash": "sha256-Wb2xeSyOsCoTCTj7LOoD6cdKLEROyFAArnYoS+noCWo=",
        "owner": "cachix",
        "repo": "git-hooks.nix",
        "rev": "fa466640195d38ec97cf0493d6d6882bc4d14969",
        "type": "github"
      },
      "original": {
        "owner": "cachix",
        "repo": "git-hooks.nix",
        "type": "github"
      }
    },
    "root": {
      "inputs": {
        "home-manager": "home-manager",
        "nix-darwin": "nix-darwin",
        "nix-secrets": "nix-secrets",
        "nixpkgs": "nixpkgs",
        "nixpkgs-darwin": "nixpkgs-darwin",
        "nixpkgs-stable": "nixpkgs-stable",
        "nixpkgs-unstable": "nixpkgs-unstable",
        "pre-commit-hooks": "pre-commit-hooks",
        "sops-nix": "sops-nix"
      }
    },
    "sops-nix": {
      "inputs": {
        "nixpkgs": [
          "nixpkgs"
        ]
      },
      "locked": {
        "lastModified": 1746485181,
        "narHash": "sha256-PxrrSFLaC7YuItShxmYbMgSuFFuwxBB+qsl9BZUnRvg=",
        "owner": "mic92",
        "repo": "sops-nix",
        "rev": "e93ee1d900ad264d65e9701a5c6f895683433386",
        "type": "github"
      },
      "original": {
        "owner": "mic92",
        "repo": "sops-nix",
        "type": "github"
      }
    }
  },
  "root": "root",
  "version": 7
}
