{
  "nodes": {
    "home-manager": {
      "inputs": {
        "nixpkgs": [
          "nixpkgs"
        ]
      },
      "locked": {
        "lastModified": 1728041527,
        "narHash": "sha256-03liqiJtk9UP7YQHW4r8MduKCK242FQzud8iWvvlK+o=",
        "owner": "nix-community",
        "repo": "home-manager",
        "rev": "509dbf8d45606b618e9ec3bbe4e936b7c5bc6c1e",
        "type": "github"
      },
      "original": {
        "owner": "nix-community",
        "ref": "master",
        "repo": "home-manager",
        "type": "github"
      }
    },
    "nix-darwin": {
      "inputs": {
        "nixpkgs": [
          "nixpkgs-darwin"
        ]
      },
      "locked": {
        "lastModified": 1727999297,
        "narHash": "sha256-LTJuQPCsSItZ/8TieFeP30iY+uaLoD0mT0tAj1gLeyQ=",
        "owner": "lnl7",
        "repo": "nix-darwin",
        "rev": "8c8388ade72e58efdeae71b4cbb79e872c23a56b",
        "type": "github"
      },
      "original": {
        "owner": "lnl7",
        "repo": "nix-darwin",
        "type": "github"
      }
    },
    "nixpkgs": {
      "locked": {
        "lastModified": 1727802920,
        "narHash": "sha256-HP89HZOT0ReIbI7IJZJQoJgxvB2Tn28V6XS3MNKnfLs=",
        "owner": "nixos",
        "repo": "nixpkgs",
        "rev": "27e30d177e57d912d614c88c622dcfdb2e6e6515",
        "type": "github"
      },
      "original": {
        "owner": "nixos",
        "ref": "nixos-unstable",
        "repo": "nixpkgs",
        "type": "github"
      }
    },
    "nixpkgs-darwin": {
      "locked": {
        "lastModified": 1728018355,
        "narHash": "sha256-nQAiwkYU6JpnMErRC5ivXRwQV2c9KZpdakRopUeBhL8=",
        "owner": "nixos",
        "repo": "nixpkgs",
        "rev": "b66a2133b99cead3fe196d7a6557338a155f4df2",
        "type": "github"
      },
      "original": {
        "owner": "nixos",
        "ref": "nixpkgs-24.05-darwin",
        "repo": "nixpkgs",
        "type": "github"
      }
    },
    "nixpkgs-stable": {
      "locked": {
        "lastModified": 1727907660,
        "narHash": "sha256-QftbyPoieM5M50WKUMzQmWtBWib/ZJbHo7mhj5riQec=",
        "owner": "nixos",
        "repo": "nixpkgs",
        "rev": "5966581aa04be7eff830b9e1457d56dc70a0b798",
        "type": "github"
      },
      "original": {
        "owner": "nixos",
        "ref": "nixos-24.05",
        "repo": "nixpkgs",
        "type": "github"
      }
    },
    "nixpkgs-unstable": {
      "locked": {
        "lastModified": 1728011170,
        "narHash": "sha256-L/U/OCeiQCFG2Gg8IQaj1KB4lwoNXkvyjPYLxy9swy0=",
        "owner": "nixos",
        "repo": "nixpkgs",
        "rev": "7f8bae4f304f2b6e60466ce1d562f4af258a4c79",
        "type": "github"
      },
      "original": {
        "owner": "nixos",
        "ref": "nixos-unstable-small",
        "repo": "nixpkgs",
        "type": "github"
      }
    },
    "root": {
      "inputs": {
        "home-manager": "home-manager",
        "nix-darwin": "nix-darwin",
        "nixpkgs": "nixpkgs",
        "nixpkgs-darwin": "nixpkgs-darwin",
        "nixpkgs-stable": "nixpkgs-stable",
        "nixpkgs-unstable": "nixpkgs-unstable"
      }
    }
  },
  "root": "root",
  "version": 7
}
