{
  "nodes": {
    "emacs-overlay": {
      "inputs": {
        "nixpkgs": [
          "nixpkgs"
        ],
        "nixpkgs-stable": "nixpkgs-stable"
      },
      "locked": {
        "lastModified": 1748107096,
        "narHash": "sha256-PmQY/yDSlxxma3RBW2v+yWSvpJTubcmXUdoAlaJv7Dk=",
        "owner": "nix-community",
        "repo": "emacs-overlay",
        "rev": "5e55769b7a39ab810f761874aff5787c74e981da",
        "type": "github"
      },
      "original": {
        "owner": "nix-community",
        "repo": "emacs-overlay",
        "type": "github"
      }
    },
    "flake-compat": {
      "flake": false,
      "locked": {
        "lastModified": 1696426674,
        "narHash": "sha256-kvjfFW7WAETZlt09AgDn1MrtKzP7t90Vf7vypd3OL1U=",
        "owner": "edolstra",
        "repo": "flake-compat",
        "rev": "0f9255e01c2351cc7d116c072cb317785dd33b33",
        "type": "github"
      },
      "original": {
        "owner": "edolstra",
        "repo": "flake-compat",
        "type": "github"
      }
    },
    "gitignore": {
      "inputs": {
        "nixpkgs": [
          "pre-commit-hooks",
          "nixpkgs"
        ]
      },
      "locked": {
        "lastModified": 1709087332,
        "narHash": "sha256-HG2cCnktfHsKV0s4XW83gU3F57gaTljL9KNSuG6bnQs=",
        "owner": "hercules-ci",
        "repo": "gitignore.nix",
        "rev": "637db329424fd7e46cf4185293b9cc8c88c95394",
        "type": "github"
      },
      "original": {
        "owner": "hercules-ci",
        "repo": "gitignore.nix",
        "type": "github"
      }
    },
    "home-manager": {
      "inputs": {
        "nixpkgs": [
          "nixpkgs"
        ]
      },
      "locked": {
        "lastModified": 1747688870,
        "narHash": "sha256-ypL9WAZfmJr5V70jEVzqGjjQzF0uCkz+AFQF7n9NmNc=",
        "owner": "nix-community",
        "repo": "home-manager",
        "rev": "d5f1f641b289553927b3801580598d200a501863",
        "type": "github"
      },
      "original": {
        "owner": "nix-community",
        "ref": "release-24.11",
        "repo": "home-manager",
        "type": "github"
      }
    },
    "nix-darwin": {
      "inputs": {
        "nixpkgs": [
          "nixpkgs-darwin"
        ]
      },
      "locked": {
        "lastModified": 1748065210,
        "narHash": "sha256-dFqlLNW6UW19m0vg5FHWLH2G2LGkqYyPs/4YqfoZMoM=",
        "owner": "lnl7",
        "repo": "nix-darwin",
        "rev": "acd6aa5a9065c6695212be313e06f08f7184cb25",
        "type": "github"
      },
      "original": {
        "owner": "lnl7",
        "repo": "nix-darwin",
        "type": "github"
      }
    },
    "nix-secrets": {
      "flake": false,
      "locked": {
        "lastModified": 1746677085,
        "narHash": "sha256-Y6r3Ap1+eluRTBIQWYl6aBZW/OlBG+WCmYgvT4Qytlc=",
        "ref": "main",
        "rev": "137d796babf952fb77f729fdd3c8899d6ad35aad",
        "shallow": true,
        "type": "git",
        "url": "ssh://git@github.com/zachbedewi/nix-secrets.git"
      },
      "original": {
        "ref": "main",
        "shallow": true,
        "type": "git",
        "url": "ssh://git@github.com/zachbedewi/nix-secrets.git"
      }
    },
    "nixpkgs": {
      "locked": {
        "lastModified": 1747862697,
        "narHash": "sha256-U4HaNZ1W26cbOVm0Eb5OdGSnfQVWQKbLSPrSSa78KC0=",
        "owner": "NixOS",
        "repo": "nixpkgs",
        "rev": "2baa12ff69913392faf0ace833bc54bba297ea95",
        "type": "github"
      },
      "original": {
        "owner": "NixOS",
        "ref": "nixos-24.11",
        "repo": "nixpkgs",
        "type": "github"
      }
    },
    "nixpkgs-darwin": {
      "locked": {
        "lastModified": 1748037224,
        "narHash": "sha256-92vihpZr6dwEMV6g98M5kHZIttrWahb9iRPBm1atcPk=",
        "owner": "NixOS",
        "repo": "nixpkgs",
        "rev": "f09dede81861f3a83f7f06641ead34f02f37597f",
        "type": "github"
      },
      "original": {
        "owner": "NixOS",
        "ref": "nixpkgs-24.11-darwin",
        "repo": "nixpkgs",
        "type": "github"
      }
    },
    "nixpkgs-stable": {
      "locked": {
        "lastModified": 1747862697,
        "narHash": "sha256-U4HaNZ1W26cbOVm0Eb5OdGSnfQVWQKbLSPrSSa78KC0=",
        "owner": "NixOS",
        "repo": "nixpkgs",
        "rev": "2baa12ff69913392faf0ace833bc54bba297ea95",
        "type": "github"
      },
      "original": {
        "owner": "NixOS",
        "ref": "nixos-24.11",
        "repo": "nixpkgs",
        "type": "github"
      }
    },
    "nixpkgs-stable_2": {
      "locked": {
        "lastModified": 1747862697,
        "narHash": "sha256-U4HaNZ1W26cbOVm0Eb5OdGSnfQVWQKbLSPrSSa78KC0=",
        "owner": "NixOS",
        "repo": "nixpkgs",
        "rev": "2baa12ff69913392faf0ace833bc54bba297ea95",
        "type": "github"
      },
      "original": {
        "owner": "NixOS",
        "ref": "nixos-24.11",
        "repo": "nixpkgs",
        "type": "github"
      }
    },
    "nixpkgs-unstable": {
      "locked": {
        "lastModified": 1748026106,
        "narHash": "sha256-6m1Y3/4pVw1RWTsrkAK2VMYSzG4MMIj7sqUy7o8th1o=",
        "owner": "NixOS",
        "repo": "nixpkgs",
        "rev": "063f43f2dbdef86376cc29ad646c45c46e93234c",
        "type": "github"
      },
      "original": {
        "owner": "NixOS",
        "ref": "nixos-unstable",
        "repo": "nixpkgs",
        "type": "github"
      }
    },
    "pre-commit-hooks": {
      "inputs": {
        "flake-compat": "flake-compat",
        "gitignore": "gitignore",
        "nixpkgs": [
          "nixpkgs"
        ]
      },
      "locked": {
        "lastModified": 1747372754,
        "narHash": "sha256-2Y53NGIX2vxfie1rOW0Qb86vjRZ7ngizoo+bnXU9D9k=",
        "owner": "cachix",
        "repo": "git-hooks.nix",
        "rev": "80479b6ec16fefd9c1db3ea13aeb038c60530f46",
        "type": "github"
      },
      "original": {
        "owner": "cachix",
        "repo": "git-hooks.nix",
        "type": "github"
      }
    },
    "root": {
      "inputs": {
        "emacs-overlay": "emacs-overlay",
        "home-manager": "home-manager",
        "nix-darwin": "nix-darwin",
        "nix-secrets": "nix-secrets",
        "nixpkgs": "nixpkgs",
        "nixpkgs-darwin": "nixpkgs-darwin",
        "nixpkgs-stable": "nixpkgs-stable_2",
        "nixpkgs-unstable": "nixpkgs-unstable",
        "pre-commit-hooks": "pre-commit-hooks",
        "sops-nix": "sops-nix"
      }
    },
    "sops-nix": {
      "inputs": {
        "nixpkgs": [
          "nixpkgs"
        ]
      },
      "locked": {
        "lastModified": 1747603214,
        "narHash": "sha256-lAblXm0VwifYCJ/ILPXJwlz0qNY07DDYdLD+9H+Wc8o=",
        "owner": "mic92",
        "repo": "sops-nix",
        "rev": "8d215e1c981be3aa37e47aeabd4e61bb069548fd",
        "type": "github"
      },
      "original": {
        "owner": "mic92",
        "repo": "sops-nix",
        "type": "github"
      }
    }
  },
  "root": "root",
  "version": 7
}
